
Microsoft Visual Studio Solution File, Format Version 12.00
# Visual Studio Version 16
VisualStudioVersion = 16.0.30104.148
MinimumVisualStudioVersion = 10.0.40219.1
Project("{FAE04EC0-301F-11D3-BF4B-00C04F79EFBC}") = "Bank Managment System", "Bank Managment System\Bank Managment System.csproj", "{28287D4A-B678-4061-8E44-A5389F660539}"
EndProject
Global
	GlobalSection(SolutionConfigurationPlatforms) = preSolution
		Debug|Any CPU = Debug|Any CPU
		Release|Any CPU = Release|Any CPU
	EndGlobalSection
	GlobalSection(ProjectConfigurationPlatforms) = postSolution
		{28287D4A-B678-4061-8E44-A5389F660539}.Debug|Any CPU.ActiveCfg = Debug|Any CPU
		{28287D4A-B678-4061-8E44-A5389F660539}.Debug|Any CPU.Build.0 = Debug|Any CPU
		{28287D4A-B678-4061-8E44-A5389F660539}.Release|Any CPU.ActiveCfg = Release|Any CPU
		{28287D4A-B678-4061-8E44-A5389F660539}.Release|Any CPU.Build.0 = Release|Any CPU
	EndGlobalSection
	GlobalSection(SolutionProperties) = preSolution
		HideSolutionNode = FALSE
	EndGlobalSection
	GlobalSection(ExtensibilityGlobals) = postSolution
		SolutionGuid = {49E2B4F2-9C75-436E-B502-7F94659CDE48}
	EndGlobalSection
EndGlobal
